{
  "lockfile_version": "1",
  "packages": {
    "github:NixOS/nixpkgs/nixpkgs-unstable": {
      "last_modified": "2026-01-30T02:32:49Z",
      "resolved": "github:NixOS/nixpkgs/6308c3b21396534d8aaeac46179c14c439a89b8a?lastModified=1769740369"
    },
    "jdk@21": {
      "last_modified": "2025-10-22T20:59:19Z",
      "resolved": "github:NixOS/nixpkgs/01b6809f7f9d1183a2b3e081f0a1e6f8f415cb09#jdk",
      "source": "devbox-search",
      "version": "21.0.9+8",
      "systems": {
        "aarch64-linux": {
          "outputs": [
            {
              "name": "out",
              "path": "/nix/store/gxjm3qjq9kyvi5hv7r4s8ngbkg1d94df-openjdk-21.0.9+8",
              "default": true
            },
            {
              "name": "debug",
              "path": "/nix/store/sz9izpfkgi9nw3s9fz8vik9qn01vkx4d-openjdk-21.0.9+8-debug"
            }
          ],
          "store_path": "/nix/store/gxjm3qjq9kyvi5hv7r4s8ngbkg1d94df-openjdk-21.0.9+8"
        },
        "x86_64-linux": {
          "outputs": [
            {
              "name": "out",
              "path": "/nix/store/l5z1hqq6l223379w6f25fibniz16g2s9-openjdk-21.0.9+8",
              "default": true
            },
            {
              "name": "debug",
              "path": "/nix/store/pgkj2381fcdrbx9w85h162cigdgyn7j2-openjdk-21.0.9+8-debug"
            }
          ],
          "store_path": "/nix/store/l5z1hqq6l223379w6f25fibniz16g2s9-openjdk-21.0.9+8"
        }
      }
    },
    "kubectl@latest": {
      "last_modified": "2026-02-23T15:40:43Z",
      "resolved": "github:NixOS/nixpkgs/80d901ec0377e19ac3f7bb8c035201e2e098cc97#kubectl",
      "source": "devbox-search",
      "version": "1.35.0",
      "systems": {
        "aarch64-darwin": {
          "outputs": [
            {
              "name": "out",
              "path": "/nix/store/vc9x3pbgiayy7404pizw2597ckxbx5iv-kubectl-1.35.0",
              "default": true
            },
            {
              "name": "man",
              "path": "/nix/store/kkw3fydnm0j5623by42z87z88x65j3da-kubectl-1.35.0-man",
              "default": true
            },
            {
              "name": "convert",
              "path": "/nix/store/z7sjfxgi8hfxp2lhnmsc8cxrivq47388-kubectl-1.35.0-convert"
            }
          ],
          "store_path": "/nix/store/vc9x3pbgiayy7404pizw2597ckxbx5iv-kubectl-1.35.0"
        },
        "aarch64-linux": {
          "outputs": [
            {
              "name": "out",
              "path": "/nix/store/dwv1pr9ammi7nvg2wrh8i1b1pc4s1kdc-kubectl-1.35.0",
              "default": true
            },
            {
              "name": "man",
              "path": "/nix/store/5xpp0xycjgp6a4j4m0p3imfx60nm8qk1-kubectl-1.35.0-man",
              "default": true
            },
            {
              "name": "convert",
              "path": "/nix/store/z9sdg7h4g18pjxsammdn8v99mxfiwanq-kubectl-1.35.0-convert"
            }
          ],
          "store_path": "/nix/store/dwv1pr9ammi7nvg2wrh8i1b1pc4s1kdc-kubectl-1.35.0"
        },
        "x86_64-darwin": {
          "outputs": [
            {
              "name": "out",
              "path": "/nix/store/aspny4z58b3ggw0v4dayngrxjgqhfkwh-kubectl-1.35.0",
              "default": true
            },
            {
              "name": "man",
              "path": "/nix/store/39lj9l9nr6q1il6x3gwvrxbncawkjicf-kubectl-1.35.0-man",
              "default": true
            },
            {
              "name": "convert",
              "path": "/nix/store/8nfmr74j1ls3parfa3l6zglfgmzm7a99-kubectl-1.35.0-convert"
            }
          ],
          "store_path": "/nix/store/aspny4z58b3ggw0v4dayngrxjgqhfkwh-kubectl-1.35.0"
        },
        "x86_64-linux": {
          "outputs": [
            {
              "name": "out",
              "path": "/nix/store/36ji0srf1rf0fhk27410g3i0njwqrfb3-kubectl-1.35.0",
              "default": true
            },
            {
              "name": "man",
              "path": "/nix/store/11329ky5q3yd8h6b2f6dilhxd93lp6a9-kubectl-1.35.0-man",
              "default": true
            },
            {
              "name": "convert",
              "path": "/nix/store/lzbrmcxx8zwjyi3k18f5jdv8axrgcyz8-kubectl-1.35.0-convert"
            }
          ],
          "store_path": "/nix/store/36ji0srf1rf0fhk27410g3i0njwqrfb3-kubectl-1.35.0"
        }
      }
    },
    "kustomize@latest": {
      "last_modified": "2026-02-23T15:40:43Z",
      "resolved": "github:NixOS/nixpkgs/80d901ec0377e19ac3f7bb8c035201e2e098cc97#kustomize",
      "source": "devbox-search",
      "version": "5.8.1",
      "systems": {
        "aarch64-darwin": {
          "outputs": [
            {
              "name": "out",
              "path": "/nix/store/2pmw8rfy7ghnppjf0cjgf3fkwpadpwqb-kustomize-5.8.1",
              "default": true
            }
          ],
          "store_path": "/nix/store/2pmw8rfy7ghnppjf0cjgf3fkwpadpwqb-kustomize-5.8.1"
        },
        "aarch64-linux": {
          "outputs": [
            {
              "name": "out",
              "path": "/nix/store/rd25hg38k24mwmqjmc3rwdv21w7sdm7d-kustomize-5.8.1",
              "default": true
            }
          ],
          "store_path": "/nix/store/rd25hg38k24mwmqjmc3rwdv21w7sdm7d-kustomize-5.8.1"
        },
        "x86_64-darwin": {
          "outputs": [
            {
              "name": "out",
              "path": "/nix/store/ribrf90mvlxwwcqblk20pwfr2ibczvpp-kustomize-5.8.1",
              "default": true
            }
          ],
          "store_path": "/nix/store/ribrf90mvlxwwcqblk20pwfr2ibczvpp-kustomize-5.8.1"
        },
        "x86_64-linux": {
          "outputs": [
            {
              "name": "out",
              "path": "/nix/store/abmras5k76igswjiz9p208rvjq7289v5-kustomize-5.8.1",
              "default": true
            }
          ],
          "store_path": "/nix/store/abmras5k76igswjiz9p208rvjq7289v5-kustomize-5.8.1"
        }
      }
    },
    "maven@latest": {
      "last_modified": "2026-02-23T15:40:43Z",
      "resolved": "github:NixOS/nixpkgs/80d901ec0377e19ac3f7bb8c035201e2e098cc97#maven",
      "source": "devbox-search",
      "version": "3.9.12",
      "systems": {
        "aarch64-darwin": {
          "outputs": [
            {
              "name": "out",
              "path": "/nix/store/njv115l854b6s5xi8z5s9bv1azicq3wk-maven-3.9.12",
              "default": true
            }
          ],
          "store_path": "/nix/store/njv115l854b6s5xi8z5s9bv1azicq3wk-maven-3.9.12"
        },
        "aarch64-linux": {
          "outputs": [
            {
              "name": "out",
              "path": "/nix/store/60qkfjzwrb323k2yp76fvfi8lbbc0qq1-maven-3.9.12",
              "default": true
            }
          ],
          "store_path": "/nix/store/60qkfjzwrb323k2yp76fvfi8lbbc0qq1-maven-3.9.12"
        },
        "x86_64-darwin": {
          "outputs": [
            {
              "name": "out",
              "path": "/nix/store/z7w3vf9hcfhk8njv3f8yisb578xpprlv-maven-3.9.12",
              "default": true
            }
          ],
          "store_path": "/nix/store/z7w3vf9hcfhk8njv3f8yisb578xpprlv-maven-3.9.12"
        },
        "x86_64-linux": {
          "outputs": [
            {
              "name": "out",
              "path": "/nix/store/xy25nymi63dy0ilp373hp6q1p5cbdir9-maven-3.9.12",
              "default": true
            }
          ],
          "store_path": "/nix/store/xy25nymi63dy0ilp373hp6q1p5cbdir9-maven-3.9.12"
        }
      }
    },
    "quarkus@latest": {
      "last_modified": "2026-02-23T15:40:43Z",
      "resolved": "github:NixOS/nixpkgs/80d901ec0377e19ac3f7bb8c035201e2e098cc97#quarkus",
      "source": "devbox-search",
      "version": "3.31.2",
      "systems": {
        "aarch64-darwin": {
          "outputs": [
            {
              "name": "out",
              "path": "/nix/store/c10jj52w7hr450qa963whqzj3z1183xs-quarkus-cli-3.31.2",
              "default": true
            }
          ],
          "store_path": "/nix/store/c10jj52w7hr450qa963whqzj3z1183xs-quarkus-cli-3.31.2"
        },
        "aarch64-linux": {
          "outputs": [
            {
              "name": "out",
              "path": "/nix/store/v8vfl8b37cjdj8va9h959wwpwz9xsyvs-quarkus-cli-3.31.2",
              "default": true
            }
          ],
          "store_path": "/nix/store/v8vfl8b37cjdj8va9h959wwpwz9xsyvs-quarkus-cli-3.31.2"
        },
        "x86_64-darwin": {
          "outputs": [
            {
              "name": "out",
              "path": "/nix/store/b8ibs6v2qqz5s3q0fprhi1plx6mcpjmk-quarkus-cli-3.31.2",
              "default": true
            }
          ],
          "store_path": "/nix/store/b8ibs6v2qqz5s3q0fprhi1plx6mcpjmk-quarkus-cli-3.31.2"
        },
        "x86_64-linux": {
          "outputs": [
            {
              "name": "out",
              "path": "/nix/store/vwpwlr65apswpgqm0l4xc9yhrj3df6xk-quarkus-cli-3.31.2",
              "default": true
            }
          ],
          "store_path": "/nix/store/vwpwlr65apswpgqm0l4xc9yhrj3df6xk-quarkus-cli-3.31.2"
        }
      }
    }
  }
}
